
Microsoft Visual Studio Solution File, Format Version 12.00
# Visual Studio Version 16
VisualStudioVersion = 16.0.29728.190
MinimumVisualStudioVersion = 10.0.40219.1
Project("{FAE04EC0-301F-11D3-BF4B-00C04F79EFBC}") = "SELibrary", "src\SELibrary\SELibrary.csproj", "{9B026E50-1F31-4E9A-B746-D1DB4E07A0C2}"
EndProject
Project("{FAE04EC0-301F-11D3-BF4B-00C04F79EFBC}") = "SEConsole", "src\SEConsole\SEConsole.csproj", "{2FB9F8BE-FA2B-43A7-A346-536FA07C239E}"
EndProject
Global
	GlobalSection(SolutionConfigurationPlatforms) = preSolution
		Debug|Any CPU = Debug|Any CPU
		Release|Any CPU = Release|Any CPU
	EndGlobalSection
	GlobalSection(ProjectConfigurationPlatforms) = postSolution
		{9B026E50-1F31-4E9A-B746-D1DB4E07A0C2}.Debug|Any CPU.ActiveCfg = Debug|Any CPU
		{9B026E50-1F31-4E9A-B746-D1DB4E07A0C2}.Debug|Any CPU.Build.0 = Debug|Any CPU
		{9B026E50-1F31-4E9A-B746-D1DB4E07A0C2}.Release|Any CPU.ActiveCfg = Release|Any CPU
		{9B026E50-1F31-4E9A-B746-D1DB4E07A0C2}.Release|Any CPU.Build.0 = Release|Any CPU
		{2FB9F8BE-FA2B-43A7-A346-536FA07C239E}.Debug|Any CPU.ActiveCfg = Debug|Any CPU
		{2FB9F8BE-FA2B-43A7-A346-536FA07C239E}.Debug|Any CPU.Build.0 = Debug|Any CPU
		{2FB9F8BE-FA2B-43A7-A346-536FA07C239E}.Release|Any CPU.ActiveCfg = Release|Any CPU
		{2FB9F8BE-FA2B-43A7-A346-536FA07C239E}.Release|Any CPU.Build.0 = Release|Any CPU
	EndGlobalSection
	GlobalSection(SolutionProperties) = preSolution
		HideSolutionNode = FALSE
	EndGlobalSection
	GlobalSection(ExtensibilityGlobals) = postSolution
		SolutionGuid = {92272615-6969-4714-B2C7-B68B5EA602CE}
	EndGlobalSection
EndGlobal
